PackratFormat: 1.4
PackratVersion: 0.4.8.1
RVersion: 3.3.1
Repos: BioCsoft=http://bioconductor.org/packages/3.3/bioc,
    BioCann=http://bioconductor.org/packages/3.3/data/annotation,
    BioCexp=http://bioconductor.org/packages/3.3/data/experiment,
    BioCextra=http://bioconductor.org/packages/3.3/extra,
    CRAN=https://cran.rstudio.com

Package: packrat
Source: CRAN
Version: 0.4.8-1
Hash: 6ad605ba7b4b476d84be6632393f5765
